
Microsoft Visual Studio Solution File, Format Version 12.00
# Visual Studio 15
VisualStudioVersion = 15.0.27130.2036
MinimumVisualStudioVersion = 10.0.40219.1
Project("{2150E333-8FDC-42A3-9474-1A3956D46DE8}") = "App", "App", "{C605B189-4779-4388-B7BE-C7DC7880E1B4}"
EndProject
Project("{2150E333-8FDC-42A3-9474-1A3956D46DE8}") = "Common", "Common", "{6F8305FF-A20D-449F-9CCB-0E25FBCF99A3}"
EndProject
Project("{2150E333-8FDC-42A3-9474-1A3956D46DE8}") = "NotificationClients", "NotificationClients", "{671FAEB4-B207-4BE1-BBF9-C91B3603A7E2}"
EndProject
Project("{2150E333-8FDC-42A3-9474-1A3956D46DE8}") = "DataReaders", "DataReaders", "{150DAAA9-0829-4D23-B4F2-FC0A9524D507}"
EndProject
Project("{2150E333-8FDC-42A3-9474-1A3956D46DE8}") = "NotifierProcessors", "NotifierProcessors", "{85B55C09-F343-49B2-8E21-29E1B29CF2C2}"
EndProject
Project("{2150E333-8FDC-42A3-9474-1A3956D46DE8}") = "Loggers", "Loggers", "{49BC1D43-71D8-4C02-8B3D-5043E302BF4C}"
EndProject
Project("{2150E333-8FDC-42A3-9474-1A3956D46DE8}") = "ConfigManagers", "ConfigManagers", "{6DEA6808-68B1-4B58-BC6B-A188C26AABBE}"
EndProject
Project("{2150E333-8FDC-42A3-9474-1A3956D46DE8}") = "Tests", "Tests", "{AF9728B2-9D9C-4F8C-B45A-680B282D8862}"
EndProject
Project("{2150E333-8FDC-42A3-9474-1A3956D46DE8}") = "Validators", "Validators", "{3FD42B28-E696-4642-8D83-DFD921593894}"
EndProject
Project("{FAE04EC0-301F-11D3-BF4B-00C04F79EFBC}") = "Queris.ExceptionNotifier.App", "App\Queris.ExceptionNotifier.App\Queris.ExceptionNotifier.App.csproj", "{8EAFF07E-3806-43FD-BDF2-625A6DECB511}"
EndProject
Project("{FAE04EC0-301F-11D3-BF4B-00C04F79EFBC}") = "Queris.ExceptionNotifier.Common", "Common\Queris.ExceptionNotifier.Common\Queris.ExceptionNotifier.Common.csproj", "{F6C7D4F1-10E3-4AB3-99DE-D6C53CBD2823}"
EndProject
Project("{FAE04EC0-301F-11D3-BF4B-00C04F79EFBC}") = "Queris.ExceptionNotifier.Serializers", "Common\Queris.ExceptionNotifier.Serializers\Queris.ExceptionNotifier.Serializers.csproj", "{7FB8D862-E69B-4416-9A29-CF99FD70352D}"
EndProject
Project("{FAE04EC0-301F-11D3-BF4B-00C04F79EFBC}") = "Queris.ExceptionNotifier.Serializers.Json", "Common\Queris.ExceptionNotifier.Serializers.Json\Queris.ExceptionNotifier.Serializers.Json.csproj", "{990D6340-E6B6-46B3-8DC1-7FFD2542CB57}"
EndProject
Project("{FAE04EC0-301F-11D3-BF4B-00C04F79EFBC}") = "Queris.ExceptionNotifier.ConfigManager", "ConfigManagers\Queris.ExceptionNotifier.ConfigManager\Queris.ExceptionNotifier.ConfigManager.csproj", "{EB438E31-8F45-4C0A-B045-CAA4A64DE613}"
EndProject
Project("{FAE04EC0-301F-11D3-BF4B-00C04F79EFBC}") = "Queris.ExceptionNotifier.DatabaseDataReader", "DataReaders\Queris.ExceptionNotifier.DatabaseDataReader\Queris.ExceptionNotifier.DatabaseDataReader.csproj", "{6C5754F2-59B3-4807-B26E-1E425DFF6739}"
EndProject
Project("{FAE04EC0-301F-11D3-BF4B-00C04F79EFBC}") = "Queris.ExceptionNotifier.PingReader", "DataReaders\Queris.ExceptionNotifier.PingReader\Queris.ExceptionNotifier.PingReader.csproj", "{3B8D5745-D6DB-4801-A8DE-58ACB6C98FD4}"
EndProject
Project("{FAE04EC0-301F-11D3-BF4B-00C04F79EFBC}") = "Queris.ExceptionNotifier.PrepareDataReaders", "DataReaders\Queris.ExceptionNotifier.PrepareDataReaders\Queris.ExceptionNotifier.PrepareDataReaders.csproj", "{8209B026-D1E3-4C69-884D-9C7BB9F3086A}"
EndProject
Project("{FAE04EC0-301F-11D3-BF4B-00C04F79EFBC}") = "Queris.ExceptionNotifier.HostFactoryNotifierProcessor", "NotifierProcessors\Queris.ExceptionNotifier.HostFactoryNotifierProcessor\Queris.ExceptionNotifier.HostFactoryNotifierProcessor.csproj", "{CCAE7F69-E11E-4CD1-A863-5B6D7239D50A}"
EndProject
Project("{FAE04EC0-301F-11D3-BF4B-00C04F79EFBC}") = "Queris.ExceptionNotifier.Log4netLogger", "Loggers\Queris.ExceptionNotifier.Log4netLogger\Queris.ExceptionNotifier.Log4netLogger.csproj", "{B6893522-3757-46CE-8F6A-27E9CDEE5C57}"
EndProject
Project("{FAE04EC0-301F-11D3-BF4B-00C04F79EFBC}") = "Queris.ExceptionNotifier.ClientsManager", "NotificationClients\Queris.ExceptionNotifier.ClientsManager\Queris.ExceptionNotifier.ClientsManager.csproj", "{688976A3-B68C-474D-859B-5966CDDBFFA5}"
EndProject
Project("{FAE04EC0-301F-11D3-BF4B-00C04F79EFBC}") = "Queris.ExceptionNotifier.FileNotificationClient", "NotificationClients\Queris.ExceptionNotifier.FileNotificationClient\Queris.ExceptionNotifier.FileNotificationClient.csproj", "{2B3118E9-0782-490E-9E07-7AEDD18D0B1D}"
EndProject
Project("{FAE04EC0-301F-11D3-BF4B-00C04F79EFBC}") = "Queris.ExceptionNotifier.PrepareClients", "NotificationClients\Queris.ExceptionNotifier.PrepareClients\Queris.ExceptionNotifier.PrepareClients.csproj", "{C4482119-02BA-4C6A-A16A-109156151ACF}"
EndProject
Project("{FAE04EC0-301F-11D3-BF4B-00C04F79EFBC}") = "Queris.ExceptionNotifier.SlackNotificationClient", "NotificationClients\Queris.ExceptionNotifier.SlackNotificationClient\Queris.ExceptionNotifier.SlackNotificationClient.csproj", "{B1DB9B93-0E59-471E-98D2-76592A0E13B3}"
EndProject
Project("{FAE04EC0-301F-11D3-BF4B-00C04F79EFBC}") = "Queris.ExceptionNotifier.Common.UnitTests", "Tests\Queris.ExceptionNotifier.Common.UnitTests\Queris.ExceptionNotifier.Common.UnitTests.csproj", "{679A19C9-0E21-4728-BD04-8DD4F28BF3D9}"
EndProject
Project("{FAE04EC0-301F-11D3-BF4B-00C04F79EFBC}") = "Queris.ExceptionNotifier.PrepareNotifierProcessors", "NotifierProcessors\Queris.ExceptionNotifier.PrepareNotifierProcessors\Queris.ExceptionNotifier.PrepareNotifierProcessors.csproj", "{CFA2D97A-5845-4447-B867-5E0F8DC5B83B}"
EndProject
Project("{FAE04EC0-301F-11D3-BF4B-00C04F79EFBC}") = "Queris.ExceptionNotifier.ExitReader", "DataReaders\Queris.ExceptionNotifier.ExitReader\Queris.ExceptionNotifier.ExitReader.csproj", "{95C9302B-A9AA-4840-9F18-F663CDCC8FAD}"
EndProject
Project("{FAE04EC0-301F-11D3-BF4B-00C04F79EFBC}") = "Queris.ExceptionNotifier.AggregatorsValidator", "Validators\Queris.ExceptionNotifier.AggregatorsValidator\Queris.ExceptionNotifier.AggregatorsValidator.csproj", "{BE08FC27-4AD4-4375-A3DF-77A6653B1201}"
EndProject
Project("{FAE04EC0-301F-11D3-BF4B-00C04F79EFBC}") = "Queris.ExceptionNotifier.FiltersValidator", "Validators\Queris.ExceptionNotifier.FiltersValidator\Queris.ExceptionNotifier.FiltersValidator.csproj", "{2372683E-67F8-4E1F-8D29-B05FE60B2AA4}"
EndProject
Project("{FAE04EC0-301F-11D3-BF4B-00C04F79EFBC}") = "Queris.ExceptionNotifier.AggregatorsValidator.UnitTests", "Tests\Queris.ExceptionNotifier.AggregatorsValidator.UnitTests\Queris.ExceptionNotifier.AggregatorsValidator.UnitTests.csproj", "{EF736F64-593B-475D-9EEB-5132B6DD1A55}"
EndProject
Project("{FAE04EC0-301F-11D3-BF4B-00C04F79EFBC}") = "Queris.ExceptionNotifier.FiltersValidator.UnitTests", "Tests\Queris.ExceptionNotifier.FiltersValidator.UnitTests\Queris.ExceptionNotifier.FiltersValidator.UnitTests.csproj", "{9FE8CA5B-27D9-4A93-95F4-5A94D286B80A}"
EndProject
Project("{FAE04EC0-301F-11D3-BF4B-00C04F79EFBC}") = "Queris.ExceptionNotifier.SlackNotificationClient.UnitTests", "Tests\Queris.ExceptionNotifier.SlackNotificationClient.UnitTests\Queris.ExceptionNotifier.SlackNotificationClient.UnitTests.csproj", "{3FFA5BF8-3275-4460-BDE2-1F75AA5CF95E}"
EndProject
Project("{FAE04EC0-301F-11D3-BF4B-00C04F79EFBC}") = "Queris.ExceptionNotifier.MailNotificationClient", "NotificationClients\Queris.ExceptionNotifier.MailNotificationClient\Queris.ExceptionNotifier.MailNotificationClient.csproj", "{CE22E47D-9A46-4281-85D2-0E2A3C8D6692}"
EndProject
Project("{2150E333-8FDC-42A3-9474-1A3956D46DE8}") = "Crypto", "Crypto", "{15531322-4EC6-47C8-A1A5-661F3AD2ABC4}"
EndProject
Project("{FAE04EC0-301F-11D3-BF4B-00C04F79EFBC}") = "Queris.ExceptionNotifier.CryptoEncoder", "Crypto\Queris.ExceptionNotifier.CryptoEncoder\Queris.ExceptionNotifier.CryptoEncoder.csproj", "{F158EDF9-96D3-4410-9C63-8346F7BEF1AD}"
EndProject
Project("{FAE04EC0-301F-11D3-BF4B-00C04F79EFBC}") = "Queris.ExceptionNotifier.CryptoDecoder", "Crypto\Queris.ExceptionNotifier.CryptoDecoder\Queris.ExceptionNotifier.CryptoDecoder.csproj", "{4AD657B5-6DA6-44EC-A705-067DEA5DD22A}"
EndProject
Global
	GlobalSection(SolutionConfigurationPlatforms) = preSolution
		Debug|Any CPU = Debug|Any CPU
		Release|Any CPU = Release|Any CPU
	EndGlobalSection
	GlobalSection(ProjectConfigurationPlatforms) = postSolution
		{8EAFF07E-3806-43FD-BDF2-625A6DECB511}.Debug|Any CPU.ActiveCfg = Debug|Any CPU
		{8EAFF07E-3806-43FD-BDF2-625A6DECB511}.Debug|Any CPU.Build.0 = Debug|Any CPU
		{8EAFF07E-3806-43FD-BDF2-625A6DECB511}.Release|Any CPU.ActiveCfg = Release|Any CPU
		{8EAFF07E-3806-43FD-BDF2-625A6DECB511}.Release|Any CPU.Build.0 = Release|Any CPU
		{F6C7D4F1-10E3-4AB3-99DE-D6C53CBD2823}.Debug|Any CPU.ActiveCfg = Debug|Any CPU
		{F6C7D4F1-10E3-4AB3-99DE-D6C53CBD2823}.Debug|Any CPU.Build.0 = Debug|Any CPU
		{F6C7D4F1-10E3-4AB3-99DE-D6C53CBD2823}.Release|Any CPU.ActiveCfg = Release|Any CPU
		{F6C7D4F1-10E3-4AB3-99DE-D6C53CBD2823}.Release|Any CPU.Build.0 = Release|Any CPU
		{7FB8D862-E69B-4416-9A29-CF99FD70352D}.Debug|Any CPU.ActiveCfg = Debug|Any CPU
		{7FB8D862-E69B-4416-9A29-CF99FD70352D}.Debug|Any CPU.Build.0 = Debug|Any CPU
		{7FB8D862-E69B-4416-9A29-CF99FD70352D}.Release|Any CPU.ActiveCfg = Release|Any CPU
		{7FB8D862-E69B-4416-9A29-CF99FD70352D}.Release|Any CPU.Build.0 = Release|Any CPU
		{990D6340-E6B6-46B3-8DC1-7FFD2542CB57}.Debug|Any CPU.ActiveCfg = Debug|Any CPU
		{990D6340-E6B6-46B3-8DC1-7FFD2542CB57}.Debug|Any CPU.Build.0 = Debug|Any CPU
		{990D6340-E6B6-46B3-8DC1-7FFD2542CB57}.Release|Any CPU.ActiveCfg = Release|Any CPU
		{990D6340-E6B6-46B3-8DC1-7FFD2542CB57}.Release|Any CPU.Build.0 = Release|Any CPU
		{EB438E31-8F45-4C0A-B045-CAA4A64DE613}.Debug|Any CPU.ActiveCfg = Debug|Any CPU
		{EB438E31-8F45-4C0A-B045-CAA4A64DE613}.Debug|Any CPU.Build.0 = Debug|Any CPU
		{EB438E31-8F45-4C0A-B045-CAA4A64DE613}.Release|Any CPU.ActiveCfg = Release|Any CPU
		{EB438E31-8F45-4C0A-B045-CAA4A64DE613}.Release|Any CPU.Build.0 = Release|Any CPU
		{6C5754F2-59B3-4807-B26E-1E425DFF6739}.Debug|Any CPU.ActiveCfg = Debug|Any CPU
		{6C5754F2-59B3-4807-B26E-1E425DFF6739}.Debug|Any CPU.Build.0 = Debug|Any CPU
		{6C5754F2-59B3-4807-B26E-1E425DFF6739}.Release|Any CPU.ActiveCfg = Release|Any CPU
		{6C5754F2-59B3-4807-B26E-1E425DFF6739}.Release|Any CPU.Build.0 = Release|Any CPU
		{3B8D5745-D6DB-4801-A8DE-58ACB6C98FD4}.Debug|Any CPU.ActiveCfg = Debug|Any CPU
		{3B8D5745-D6DB-4801-A8DE-58ACB6C98FD4}.Debug|Any CPU.Build.0 = Debug|Any CPU
		{3B8D5745-D6DB-4801-A8DE-58ACB6C98FD4}.Release|Any CPU.ActiveCfg = Release|Any CPU
		{3B8D5745-D6DB-4801-A8DE-58ACB6C98FD4}.Release|Any CPU.Build.0 = Release|Any CPU
		{8209B026-D1E3-4C69-884D-9C7BB9F3086A}.Debug|Any CPU.ActiveCfg = Debug|Any CPU
		{8209B026-D1E3-4C69-884D-9C7BB9F3086A}.Debug|Any CPU.Build.0 = Debug|Any CPU
		{8209B026-D1E3-4C69-884D-9C7BB9F3086A}.Release|Any CPU.ActiveCfg = Release|Any CPU
		{8209B026-D1E3-4C69-884D-9C7BB9F3086A}.Release|Any CPU.Build.0 = Release|Any CPU
		{CCAE7F69-E11E-4CD1-A863-5B6D7239D50A}.Debug|Any CPU.ActiveCfg = Debug|Any CPU
		{CCAE7F69-E11E-4CD1-A863-5B6D7239D50A}.Debug|Any CPU.Build.0 = Debug|Any CPU
		{CCAE7F69-E11E-4CD1-A863-5B6D7239D50A}.Release|Any CPU.ActiveCfg = Release|Any CPU
		{CCAE7F69-E11E-4CD1-A863-5B6D7239D50A}.Release|Any CPU.Build.0 = Release|Any CPU
		{B6893522-3757-46CE-8F6A-27E9CDEE5C57}.Debug|Any CPU.ActiveCfg = Debug|Any CPU
		{B6893522-3757-46CE-8F6A-27E9CDEE5C57}.Debug|Any CPU.Build.0 = Debug|Any CPU
		{B6893522-3757-46CE-8F6A-27E9CDEE5C57}.Release|Any CPU.ActiveCfg = Release|Any CPU
		{B6893522-3757-46CE-8F6A-27E9CDEE5C57}.Release|Any CPU.Build.0 = Release|Any CPU
		{688976A3-B68C-474D-859B-5966CDDBFFA5}.Debug|Any CPU.ActiveCfg = Debug|Any CPU
		{688976A3-B68C-474D-859B-5966CDDBFFA5}.Debug|Any CPU.Build.0 = Debug|Any CPU
		{688976A3-B68C-474D-859B-5966CDDBFFA5}.Release|Any CPU.ActiveCfg = Release|Any CPU
		{688976A3-B68C-474D-859B-5966CDDBFFA5}.Release|Any CPU.Build.0 = Release|Any CPU
		{2B3118E9-0782-490E-9E07-7AEDD18D0B1D}.Debug|Any CPU.ActiveCfg = Debug|Any CPU
		{2B3118E9-0782-490E-9E07-7AEDD18D0B1D}.Debug|Any CPU.Build.0 = Debug|Any CPU
		{2B3118E9-0782-490E-9E07-7AEDD18D0B1D}.Release|Any CPU.ActiveCfg = Release|Any CPU
		{2B3118E9-0782-490E-9E07-7AEDD18D0B1D}.Release|Any CPU.Build.0 = Release|Any CPU
		{C4482119-02BA-4C6A-A16A-109156151ACF}.Debug|Any CPU.ActiveCfg = Debug|Any CPU
		{C4482119-02BA-4C6A-A16A-109156151ACF}.Debug|Any CPU.Build.0 = Debug|Any CPU
		{C4482119-02BA-4C6A-A16A-109156151ACF}.Release|Any CPU.ActiveCfg = Release|Any CPU
		{C4482119-02BA-4C6A-A16A-109156151ACF}.Release|Any CPU.Build.0 = Release|Any CPU
		{B1DB9B93-0E59-471E-98D2-76592A0E13B3}.Debug|Any CPU.ActiveCfg = Debug|Any CPU
		{B1DB9B93-0E59-471E-98D2-76592A0E13B3}.Debug|Any CPU.Build.0 = Debug|Any CPU
		{B1DB9B93-0E59-471E-98D2-76592A0E13B3}.Release|Any CPU.ActiveCfg = Release|Any CPU
		{B1DB9B93-0E59-471E-98D2-76592A0E13B3}.Release|Any CPU.Build.0 = Release|Any CPU
		{679A19C9-0E21-4728-BD04-8DD4F28BF3D9}.Debug|Any CPU.ActiveCfg = Debug|Any CPU
		{679A19C9-0E21-4728-BD04-8DD4F28BF3D9}.Debug|Any CPU.Build.0 = Debug|Any CPU
		{679A19C9-0E21-4728-BD04-8DD4F28BF3D9}.Release|Any CPU.ActiveCfg = Release|Any CPU
		{679A19C9-0E21-4728-BD04-8DD4F28BF3D9}.Release|Any CPU.Build.0 = Release|Any CPU
		{CFA2D97A-5845-4447-B867-5E0F8DC5B83B}.Debug|Any CPU.ActiveCfg = Debug|Any CPU
		{CFA2D97A-5845-4447-B867-5E0F8DC5B83B}.Debug|Any CPU.Build.0 = Debug|Any CPU
		{CFA2D97A-5845-4447-B867-5E0F8DC5B83B}.Release|Any CPU.ActiveCfg = Release|Any CPU
		{CFA2D97A-5845-4447-B867-5E0F8DC5B83B}.Release|Any CPU.Build.0 = Release|Any CPU
		{95C9302B-A9AA-4840-9F18-F663CDCC8FAD}.Debug|Any CPU.ActiveCfg = Debug|Any CPU
		{95C9302B-A9AA-4840-9F18-F663CDCC8FAD}.Debug|Any CPU.Build.0 = Debug|Any CPU
		{95C9302B-A9AA-4840-9F18-F663CDCC8FAD}.Release|Any CPU.ActiveCfg = Release|Any CPU
		{95C9302B-A9AA-4840-9F18-F663CDCC8FAD}.Release|Any CPU.Build.0 = Release|Any CPU
		{BE08FC27-4AD4-4375-A3DF-77A6653B1201}.Debug|Any CPU.ActiveCfg = Debug|Any CPU
		{BE08FC27-4AD4-4375-A3DF-77A6653B1201}.Debug|Any CPU.Build.0 = Debug|Any CPU
		{BE08FC27-4AD4-4375-A3DF-77A6653B1201}.Release|Any CPU.ActiveCfg = Release|Any CPU
		{BE08FC27-4AD4-4375-A3DF-77A6653B1201}.Release|Any CPU.Build.0 = Release|Any CPU
		{2372683E-67F8-4E1F-8D29-B05FE60B2AA4}.Debug|Any CPU.ActiveCfg = Debug|Any CPU
		{2372683E-67F8-4E1F-8D29-B05FE60B2AA4}.Debug|Any CPU.Build.0 = Debug|Any CPU
		{2372683E-67F8-4E1F-8D29-B05FE60B2AA4}.Release|Any CPU.ActiveCfg = Release|Any CPU
		{2372683E-67F8-4E1F-8D29-B05FE60B2AA4}.Release|Any CPU.Build.0 = Release|Any CPU
		{EF736F64-593B-475D-9EEB-5132B6DD1A55}.Debug|Any CPU.ActiveCfg = Debug|Any CPU
		{EF736F64-593B-475D-9EEB-5132B6DD1A55}.Debug|Any CPU.Build.0 = Debug|Any CPU
		{EF736F64-593B-475D-9EEB-5132B6DD1A55}.Release|Any CPU.ActiveCfg = Release|Any CPU
		{EF736F64-593B-475D-9EEB-5132B6DD1A55}.Release|Any CPU.Build.0 = Release|Any CPU
		{9FE8CA5B-27D9-4A93-95F4-5A94D286B80A}.Debug|Any CPU.ActiveCfg = Debug|Any CPU
		{9FE8CA5B-27D9-4A93-95F4-5A94D286B80A}.Debug|Any CPU.Build.0 = Debug|Any CPU
		{9FE8CA5B-27D9-4A93-95F4-5A94D286B80A}.Release|Any CPU.ActiveCfg = Release|Any CPU
		{9FE8CA5B-27D9-4A93-95F4-5A94D286B80A}.Release|Any CPU.Build.0 = Release|Any CPU
		{3FFA5BF8-3275-4460-BDE2-1F75AA5CF95E}.Debug|Any CPU.ActiveCfg = Debug|Any CPU
		{3FFA5BF8-3275-4460-BDE2-1F75AA5CF95E}.Debug|Any CPU.Build.0 = Debug|Any CPU
		{3FFA5BF8-3275-4460-BDE2-1F75AA5CF95E}.Release|Any CPU.ActiveCfg = Release|Any CPU
		{3FFA5BF8-3275-4460-BDE2-1F75AA5CF95E}.Release|Any CPU.Build.0 = Release|Any CPU
		{CE22E47D-9A46-4281-85D2-0E2A3C8D6692}.Debug|Any CPU.ActiveCfg = Debug|Any CPU
		{CE22E47D-9A46-4281-85D2-0E2A3C8D6692}.Debug|Any CPU.Build.0 = Debug|Any CPU
		{CE22E47D-9A46-4281-85D2-0E2A3C8D6692}.Release|Any CPU.ActiveCfg = Release|Any CPU
		{CE22E47D-9A46-4281-85D2-0E2A3C8D6692}.Release|Any CPU.Build.0 = Release|Any CPU
		{F158EDF9-96D3-4410-9C63-8346F7BEF1AD}.Debug|Any CPU.ActiveCfg = Debug|Any CPU
		{F158EDF9-96D3-4410-9C63-8346F7BEF1AD}.Debug|Any CPU.Build.0 = Debug|Any CPU
		{F158EDF9-96D3-4410-9C63-8346F7BEF1AD}.Release|Any CPU.ActiveCfg = Release|Any CPU
		{F158EDF9-96D3-4410-9C63-8346F7BEF1AD}.Release|Any CPU.Build.0 = Release|Any CPU
		{4AD657B5-6DA6-44EC-A705-067DEA5DD22A}.Debug|Any CPU.ActiveCfg = Debug|Any CPU
		{4AD657B5-6DA6-44EC-A705-067DEA5DD22A}.Debug|Any CPU.Build.0 = Debug|Any CPU
		{4AD657B5-6DA6-44EC-A705-067DEA5DD22A}.Release|Any CPU.ActiveCfg = Release|Any CPU
		{4AD657B5-6DA6-44EC-A705-067DEA5DD22A}.Release|Any CPU.Build.0 = Release|Any CPU
	EndGlobalSection
	GlobalSection(SolutionProperties) = preSolution
		HideSolutionNode = FALSE
	EndGlobalSection
	GlobalSection(NestedProjects) = preSolution
		{8EAFF07E-3806-43FD-BDF2-625A6DECB511} = {C605B189-4779-4388-B7BE-C7DC7880E1B4}
		{F6C7D4F1-10E3-4AB3-99DE-D6C53CBD2823} = {6F8305FF-A20D-449F-9CCB-0E25FBCF99A3}
		{7FB8D862-E69B-4416-9A29-CF99FD70352D} = {6F8305FF-A20D-449F-9CCB-0E25FBCF99A3}
		{990D6340-E6B6-46B3-8DC1-7FFD2542CB57} = {6F8305FF-A20D-449F-9CCB-0E25FBCF99A3}
		{EB438E31-8F45-4C0A-B045-CAA4A64DE613} = {6DEA6808-68B1-4B58-BC6B-A188C26AABBE}
		{6C5754F2-59B3-4807-B26E-1E425DFF6739} = {150DAAA9-0829-4D23-B4F2-FC0A9524D507}
		{3B8D5745-D6DB-4801-A8DE-58ACB6C98FD4} = {150DAAA9-0829-4D23-B4F2-FC0A9524D507}
		{8209B026-D1E3-4C69-884D-9C7BB9F3086A} = {150DAAA9-0829-4D23-B4F2-FC0A9524D507}
		{CCAE7F69-E11E-4CD1-A863-5B6D7239D50A} = {85B55C09-F343-49B2-8E21-29E1B29CF2C2}
		{B6893522-3757-46CE-8F6A-27E9CDEE5C57} = {49BC1D43-71D8-4C02-8B3D-5043E302BF4C}
		{688976A3-B68C-474D-859B-5966CDDBFFA5} = {671FAEB4-B207-4BE1-BBF9-C91B3603A7E2}
		{2B3118E9-0782-490E-9E07-7AEDD18D0B1D} = {671FAEB4-B207-4BE1-BBF9-C91B3603A7E2}
		{C4482119-02BA-4C6A-A16A-109156151ACF} = {671FAEB4-B207-4BE1-BBF9-C91B3603A7E2}
		{B1DB9B93-0E59-471E-98D2-76592A0E13B3} = {671FAEB4-B207-4BE1-BBF9-C91B3603A7E2}
		{679A19C9-0E21-4728-BD04-8DD4F28BF3D9} = {AF9728B2-9D9C-4F8C-B45A-680B282D8862}
		{CFA2D97A-5845-4447-B867-5E0F8DC5B83B} = {85B55C09-F343-49B2-8E21-29E1B29CF2C2}
		{95C9302B-A9AA-4840-9F18-F663CDCC8FAD} = {150DAAA9-0829-4D23-B4F2-FC0A9524D507}
		{BE08FC27-4AD4-4375-A3DF-77A6653B1201} = {3FD42B28-E696-4642-8D83-DFD921593894}
		{2372683E-67F8-4E1F-8D29-B05FE60B2AA4} = {3FD42B28-E696-4642-8D83-DFD921593894}
		{EF736F64-593B-475D-9EEB-5132B6DD1A55} = {AF9728B2-9D9C-4F8C-B45A-680B282D8862}
		{9FE8CA5B-27D9-4A93-95F4-5A94D286B80A} = {AF9728B2-9D9C-4F8C-B45A-680B282D8862}
		{3FFA5BF8-3275-4460-BDE2-1F75AA5CF95E} = {AF9728B2-9D9C-4F8C-B45A-680B282D8862}
		{CE22E47D-9A46-4281-85D2-0E2A3C8D6692} = {671FAEB4-B207-4BE1-BBF9-C91B3603A7E2}
		{F158EDF9-96D3-4410-9C63-8346F7BEF1AD} = {15531322-4EC6-47C8-A1A5-661F3AD2ABC4}
		{4AD657B5-6DA6-44EC-A705-067DEA5DD22A} = {15531322-4EC6-47C8-A1A5-661F3AD2ABC4}
	EndGlobalSection
	GlobalSection(ExtensibilityGlobals) = postSolution
		SolutionGuid = {0E1CAF9B-177E-45B6-BAF0-9206042D7726}
	EndGlobalSection
EndGlobal
